
Microsoft Visual Studio Solution File, Format Version 12.00
# Visual Studio Version 16
VisualStudioVersion = 16.0.33529.622
MinimumVisualStudioVersion = 10.0.40219.1
Project("{FAE04EC0-301F-11D3-BF4B-00C04F79EFBC}") = "FormularioMovedizo", "FormularioMovedizo\FormularioMovedizo.csproj", "{CC68B4BD-0A7D-4E41-8644-87162E340847}"
EndProject
Global
	GlobalSection(SolutionConfigurationPlatforms) = preSolution
		Debug|Any CPU = Debug|Any CPU
		Release|Any CPU = Release|Any CPU
	EndGlobalSection
	GlobalSection(ProjectConfigurationPlatforms) = postSolution
		{CC68B4BD-0A7D-4E41-8644-87162E340847}.Debug|Any CPU.ActiveCfg = Debug|Any CPU
		{CC68B4BD-0A7D-4E41-8644-87162E340847}.Debug|Any CPU.Build.0 = Debug|Any CPU
		{CC68B4BD-0A7D-4E41-8644-87162E340847}.Release|Any CPU.ActiveCfg = Release|Any CPU
		{CC68B4BD-0A7D-4E41-8644-87162E340847}.Release|Any CPU.Build.0 = Release|Any CPU
	EndGlobalSection
	GlobalSection(SolutionProperties) = preSolution
		HideSolutionNode = FALSE
	EndGlobalSection
	GlobalSection(ExtensibilityGlobals) = postSolution
		SolutionGuid = {8FDD7F06-E05E-4E06-8439-7E5CD2D04649}
	EndGlobalSection
EndGlobal
